
Microsoft Visual Studio Solution File, Format Version 12.00
# Visual Studio Version 16
VisualStudioVersion = 16.0.29123.88
MinimumVisualStudioVersion = 10.0.40219.1
Project("{FAE04EC0-301F-11D3-BF4B-00C04F79EFBC}") = "BAZI 1", "BAZI 1\BAZI 1.csproj", "{DB0F44F7-9262-4DCE-9729-5134223B6CAA}"
EndProject
Global
	GlobalSection(SolutionConfigurationPlatforms) = preSolution
		Debug|Any CPU = Debug|Any CPU
		Release|Any CPU = Release|Any CPU
	EndGlobalSection
	GlobalSection(ProjectConfigurationPlatforms) = postSolution
		{DB0F44F7-9262-4DCE-9729-5134223B6CAA}.Debug|Any CPU.ActiveCfg = Debug|Any CPU
		{DB0F44F7-9262-4DCE-9729-5134223B6CAA}.Debug|Any CPU.Build.0 = Debug|Any CPU
		{DB0F44F7-9262-4DCE-9729-5134223B6CAA}.Release|Any CPU.ActiveCfg = Release|Any CPU
		{DB0F44F7-9262-4DCE-9729-5134223B6CAA}.Release|Any CPU.Build.0 = Release|Any CPU
	EndGlobalSection
	GlobalSection(SolutionProperties) = preSolution
		HideSolutionNode = FALSE
	EndGlobalSection
	GlobalSection(ExtensibilityGlobals) = postSolution
		SolutionGuid = {5F7752D3-5486-4C19-A528-B8FA353DD0CB}
	EndGlobalSection
EndGlobal
